{
  "version": 4,
  "terraform_version": "1.4.5",
  "serial": 6,
  "lineage": "4643719d-4793-e44c-b574-f34c62f1058a",
  "outputs": {
    "name": {
      "value": "ecr-xvlbzgba",
      "type": "string"
    },
    "url": {
      "value": "761379944511.dkr.ecr.eu-west-2.amazonaws.com/ecr-xvlbzgba",
      "type": "string"
    }
  },
  "resources": [
    {
      "module": "module.ecr",
      "mode": "managed",
      "type": "aws_ecr_repository",
      "name": "repository",
      "provider": "provider[\"registry.terraform.io/hashicorp/aws\"]",
      "instances": [
        {
          "schema_version": 0,
          "attributes": {
            "arn": "arn:aws:ecr:eu-west-2:761379944511:repository/ecr-xvlbzgba",
            "encryption_configuration": [
              {
                "encryption_type": "AES256",
                "kms_key": ""
              }
            ],
            "force_delete": true,
            "id": "ecr-xvlbzgba",
            "image_scanning_configuration": [
              {
                "scan_on_push": false
              }
            ],
            "image_tag_mutability": "MUTABLE",
            "name": "ecr-xvlbzgba",
            "registry_id": "761379944511",
            "repository_url": "761379944511.dkr.ecr.eu-west-2.amazonaws.com/ecr-xvlbzgba",
            "tags": {
              "Environment": "dev",
              "Managed_By": "Terraform",
              "Name": "ecr-xvlbzgba"
            },
            "tags_all": {
              "Environment": "dev",
              "Managed_By": "Terraform",
              "Name": "ecr-xvlbzgba"
            },
            "timeouts": null
          },
          "sensitive_attributes": [],
          "private": "eyJlMmJmYjczMC1lY2FhLTExZTYtOGY4OC0zNDM2M2JjN2M0YzAiOnsiZGVsZXRlIjoxMjAwMDAwMDAwMDAwfX0="
        }
      ]
    }
  ],
  "check_results": null
}
